
Microsoft Visual Studio Solution File, Format Version 12.00
# Visual Studio Version 17
VisualStudioVersion = 17.0.31912.275
MinimumVisualStudioVersion = 10.0.40219.1
Project("{FAE04EC0-301F-11D3-BF4B-00C04F79EFBC}") = "CarRentalv2", "CarRentalv2\CarRentalv2.csproj", "{FE0E1FA9-795B-45C6-A3A9-023B298D967F}"
EndProject
Global
	GlobalSection(SolutionConfigurationPlatforms) = preSolution
		Debug|Any CPU = Debug|Any CPU
		Release|Any CPU = Release|Any CPU
	EndGlobalSection
	GlobalSection(ProjectConfigurationPlatforms) = postSolution
		{FE0E1FA9-795B-45C6-A3A9-023B298D967F}.Debug|Any CPU.ActiveCfg = Debug|Any CPU
		{FE0E1FA9-795B-45C6-A3A9-023B298D967F}.Debug|Any CPU.Build.0 = Debug|Any CPU
		{FE0E1FA9-795B-45C6-A3A9-023B298D967F}.Release|Any CPU.ActiveCfg = Release|Any CPU
		{FE0E1FA9-795B-45C6-A3A9-023B298D967F}.Release|Any CPU.Build.0 = Release|Any CPU
	EndGlobalSection
	GlobalSection(SolutionProperties) = preSolution
		HideSolutionNode = FALSE
	EndGlobalSection
	GlobalSection(ExtensibilityGlobals) = postSolution
		SolutionGuid = {F2CE258D-E8A9-469C-AFC8-35526D8D27F2}
	EndGlobalSection
EndGlobal
